
Microsoft Visual Studio Solution File, Format Version 12.00
# Visual Studio Version 16
VisualStudioVersion = 16.0.29806.167
MinimumVisualStudioVersion = 10.0.40219.1
Project("{FAE04EC0-301F-11D3-BF4B-00C04F79EFBC}") = "CC5944MVC", "CC5944MVC\CC5944MVC.csproj", "{506226DA-7186-490B-B118-4DFE88EFAD6D}"
EndProject
Global
	GlobalSection(SolutionConfigurationPlatforms) = preSolution
		Debug|Any CPU = Debug|Any CPU
		Release|Any CPU = Release|Any CPU
	EndGlobalSection
	GlobalSection(ProjectConfigurationPlatforms) = postSolution
		{506226DA-7186-490B-B118-4DFE88EFAD6D}.Debug|Any CPU.ActiveCfg = Debug|Any CPU
		{506226DA-7186-490B-B118-4DFE88EFAD6D}.Debug|Any CPU.Build.0 = Debug|Any CPU
		{506226DA-7186-490B-B118-4DFE88EFAD6D}.Release|Any CPU.ActiveCfg = Release|Any CPU
		{506226DA-7186-490B-B118-4DFE88EFAD6D}.Release|Any CPU.Build.0 = Release|Any CPU
	EndGlobalSection
	GlobalSection(SolutionProperties) = preSolution
		HideSolutionNode = FALSE
	EndGlobalSection
	GlobalSection(ExtensibilityGlobals) = postSolution
		SolutionGuid = {3077F93F-C70E-4B2B-BBD8-02C78289BD3B}
	EndGlobalSection
EndGlobal
